
Microsoft Visual Studio Solution File, Format Version 12.00
# Visual Studio Version 17
VisualStudioVersion = 17.13.35931.197 d17.13
MinimumVisualStudioVersion = 10.0.40219.1
Project("{FAE04EC0-301F-11D3-BF4B-00C04F79EFBC}") = "MathQuiz", "MathQuiz.csproj", "{B994773B-98FE-49DC-9C1A-3C0A61587135}"
EndProject
Global
	GlobalSection(SolutionConfigurationPlatforms) = preSolution
		Debug|Any CPU = Debug|Any CPU
		Release|Any CPU = Release|Any CPU
	EndGlobalSection
	GlobalSection(ProjectConfigurationPlatforms) = postSolution
		{B994773B-98FE-49DC-9C1A-3C0A61587135}.Debug|Any CPU.ActiveCfg = Debug|Any CPU
		{B994773B-98FE-49DC-9C1A-3C0A61587135}.Debug|Any CPU.Build.0 = Debug|Any CPU
		{B994773B-98FE-49DC-9C1A-3C0A61587135}.Release|Any CPU.ActiveCfg = Release|Any CPU
		{B994773B-98FE-49DC-9C1A-3C0A61587135}.Release|Any CPU.Build.0 = Release|Any CPU
	EndGlobalSection
	GlobalSection(SolutionProperties) = preSolution
		HideSolutionNode = FALSE
	EndGlobalSection
	GlobalSection(ExtensibilityGlobals) = postSolution
		SolutionGuid = {E901AE97-295B-4F35-84A0-7EAE6039F45D}
	EndGlobalSection
EndGlobal
